PODS:
  - CocoaAsyncSocket (7.6.3)
  - Sparkle (1.21.3)
  - TeeBoy (4.0.312)

DEPENDENCIES:
  - CocoaAsyncSocket
  - Sparkle
  - TeeBoy

SPEC REPOS:
  https://github.com/cocoapods/specs.git:
    - CocoaAsyncSocket
    - Sparkle
    - TeeBoy

SPEC CHECKSUMS:
  CocoaAsyncSocket: eafaa68a7e0ec99ead0a7b35015e0bf25d2c8987
  Sparkle: 3f75576db8b0265adef36c43249d747f22d0b708
  TeeBoy: e22f7985dc49cb7168372f07b17bf30532a14b9e

PODFILE CHECKSUM: 5afcb2b249d499cc86c775bd8e6e78f27a5f9148

COCOAPODS: 1.6.1
