// !$*UTF8*$!
{
	archiveVersion = 1;
	classes = {
	};
	objectVersion = 46;
	objects = {

/* Begin PBXBuildFile section */
		680612D41ADFC85200B1C502 /* CoCo1.png in Resources */ = {isa = PBXBuildFile; fileRef = 680612D01ADFC85200B1C502 /* CoCo1.png */; };
		680612D51ADFC85200B1C502 /* CoCo2.png in Resources */ = {isa = PBXBuildFile; fileRef = 680612D11ADFC85200B1C502 /* CoCo2.png */; };
		680612D61ADFC85200B1C502 /* CoCo3.png in Resources */ = {isa = PBXBuildFile; fileRef = 680612D21ADFC85200B1C502 /* CoCo3.png */; };
		6809AD840F6C08A6000BB954 /* VirtualDriveController.m in Sources */ = {isa = PBXBuildFile; fileRef = 6809AD7F0F6C08A6000BB954 /* VirtualDriveController.m */; };
		6809AD850F6C08A6000BB954 /* VirtualDriveModel.m in Sources */ = {isa = PBXBuildFile; fileRef = 6809AD810F6C08A6000BB954 /* VirtualDriveModel.m */; };
		6809AD860F6C08A6000BB954 /* VirtualDriveView.m in Sources */ = {isa = PBXBuildFile; fileRef = 6809AD830F6C08A6000BB954 /* VirtualDriveView.m */; };
		6809AE020F6C0C30000BB954 /* VirtualDriveView.xib in Resources */ = {isa = PBXBuildFile; fileRef = 6809AE010F6C0C30000BB954 /* VirtualDriveView.xib */; };
		6809AE070F6C0C4C000BB954 /* MainMenu.xib in Resources */ = {isa = PBXBuildFile; fileRef = 6809AE050F6C0C4C000BB954 /* MainMenu.xib */; };
		6809AEFB0F6C0DB6000BB954 /* drive.jpg in Resources */ = {isa = PBXBuildFile; fileRef = 6809AEED0F6C0DB6000BB954 /* drive.jpg */; };
		6809AEFC0F6C0DB6000BB954 /* driveface.jpg in Resources */ = {isa = PBXBuildFile; fileRef = 6809AEEE0F6C0DB6000BB954 /* driveface.jpg */; };
		6809AF030F6C0DB6000BB954 /* eject.wav in Resources */ = {isa = PBXBuildFile; fileRef = 6809AEF50F6C0DB6000BB954 /* eject.wav */; };
		6809AF040F6C0DB6000BB954 /* insert.wav in Resources */ = {isa = PBXBuildFile; fileRef = 6809AEF60F6C0DB6000BB954 /* insert.wav */; };
		6809AF050F6C0DB6000BB954 /* redled.jpg in Resources */ = {isa = PBXBuildFile; fileRef = 6809AEF70F6C0DB6000BB954 /* redled.jpg */; };
		6809AF3E0F6C0F81000BB954 /* greenled.jpg in Resources */ = {isa = PBXBuildFile; fileRef = 6809AF3D0F6C0F81000BB954 /* greenled.jpg */; };
		68150E271FA8988000C516C9 /* dsa_pub.pem in Resources */ = {isa = PBXBuildFile; fileRef = 68150E261FA8988000C516C9 /* dsa_pub.pem */; };
		68190D2E0F47011400C4CDDD /* RegisterView.m in Sources */ = {isa = PBXBuildFile; fileRef = 68190D2C0F47011400C4CDDD /* RegisterView.m */; };
		68190D310F47011F00C4CDDD /* MemoryView.m in Sources */ = {isa = PBXBuildFile; fileRef = 68190D300F47011F00C4CDDD /* MemoryView.m */; };
		68363D450F63182400CD8A1B /* PrinterWindowController.m in Sources */ = {isa = PBXBuildFile; fileRef = 68363D440F63182400CD8A1B /* PrinterWindowController.m */; };
		6842CEBE1F97B35B00A6F829 /* Tests.m in Sources */ = {isa = PBXBuildFile; fileRef = 6842CEBD1F97B35B00A6F829 /* Tests.m */; };
		6842CEC71F97B53400A6F829 /* NSString+DriveWire.m in Sources */ = {isa = PBXBuildFile; fileRef = 6842CEC61F97B53400A6F829 /* NSString+DriveWire.m */; };
		686CA3FB1AE1162500544862 /* Atari.png in Resources */ = {isa = PBXBuildFile; fileRef = 686CA3FA1AE1162500544862 /* Atari.png */; };
		686CA3FD1AE11ED900544862 /* DriveWire-Logo.png in Resources */ = {isa = PBXBuildFile; fileRef = 686CA3FC1AE11ED900544862 /* DriveWire-Logo.png */; };
		686CA4041AE1C4E000544862 /* VirtualScreenView.m in Sources */ = {isa = PBXBuildFile; fileRef = 686CA4031AE1C4E000544862 /* VirtualScreenView.m */; };
		686CA4071AE1C4EF00544862 /* VirtualScreenViewController.m in Sources */ = {isa = PBXBuildFile; fileRef = 686CA4061AE1C4EF00544862 /* VirtualScreenViewController.m */; };
		686CA40C1AE272FE00544862 /* Security.framework in Frameworks */ = {isa = PBXBuildFile; fileRef = 686CA40B1AE272FE00544862 /* Security.framework */; };
		68742C370F41A78E0049FEF6 /* DriveWireServerModel.m in Sources */ = {isa = PBXBuildFile; fileRef = 68742C360F41A78E0049FEF6 /* DriveWireServerModel.m */; };
		68742E870F41B9EA0049FEF6 /* AppKit.framework in Frameworks */ = {isa = PBXBuildFile; fileRef = 68742E850F41B9EA0049FEF6 /* AppKit.framework */; };
		68742E880F41B9EA0049FEF6 /* Cocoa.framework in Frameworks */ = {isa = PBXBuildFile; fileRef = 68742E860F41B9EA0049FEF6 /* Cocoa.framework */; };
		6879C0281ADFC0750033AF94 /* main.m in Sources */ = {isa = PBXBuildFile; fileRef = 6879C0271ADFC0750033AF94 /* main.m */; };
		68A1F6AA1ADF59DF00A5B030 /* VirtualSerialChannel.m in Sources */ = {isa = PBXBuildFile; fileRef = 68A1F6A91ADF59DF00A5B030 /* VirtualSerialChannel.m */; };
		68ABF6F309806CD600838EB9 /* DriveWire Help in Resources */ = {isa = PBXBuildFile; fileRef = 68ABF6CE09806CD600838EB9 /* DriveWire Help */; };
		68ADDF87096B7347002324CE /* DWAppDelegate.m in Sources */ = {isa = PBXBuildFile; fileRef = 68DBD1DE0964F1A900B011C5 /* DWAppDelegate.m */; };
		68ADDF8B096B7347002324CE /* LogViewController.m in Sources */ = {isa = PBXBuildFile; fileRef = 6812B39008AD13CE002B533A /* LogViewController.m */; };
		68ADDF8D096B7347002324CE /* DriveWireDocument.m in Sources */ = {isa = PBXBuildFile; fileRef = 2A37F4ACFDCFA73011CA2CEA /* DriveWireDocument.m */; };
		68ADDF8F096B7347002324CE /* PreferenceController.m in Sources */ = {isa = PBXBuildFile; fileRef = 682F9F2A077BDB200003FDA4 /* PreferenceController.m */; };
		68ADDF91096B7347002324CE /* StatsViewController.m in Sources */ = {isa = PBXBuildFile; fileRef = 682AA47308A7E08500278E01 /* StatsViewController.m */; };
		68ADDF93096B7347002324CE /* VirtualDriveJukeBoxView.m in Sources */ = {isa = PBXBuildFile; fileRef = 685105F80966DA1C00AAEA3F /* VirtualDriveJukeBoxView.m */; };
		68ADE055096B7686002324CE /* DriveWire Document.icns in Resources */ = {isa = PBXBuildFile; fileRef = 68C494E20965F01800F9E265 /* DriveWire Document.icns */; };
		68ADE056096B7686002324CE /* DriveWire Disk Image.icns in Resources */ = {isa = PBXBuildFile; fileRef = 68C494E00965F00500F9E265 /* DriveWire Disk Image.icns */; };
		68ADE057096B7686002324CE /* DriveWire Icon.icns in Resources */ = {isa = PBXBuildFile; fileRef = 6872687908A97EDD00ADD1F0 /* DriveWire Icon.icns */; };
		68ADE05D096B7686002324CE /* Credits.rtf in Resources */ = {isa = PBXBuildFile; fileRef = 2A37F4B9FDCFA73011CA2CEA /* Credits.rtf */; };
		68ADE05F096B7686002324CE /* InfoPlist.strings in Resources */ = {isa = PBXBuildFile; fileRef = 089C165FFE840EACC02AAC07 /* InfoPlist.strings */; };
		68B69B121FF3D0B70062080D /* VirtualScreenWindowController.m in Sources */ = {isa = PBXBuildFile; fileRef = 68B69B111FF3D0B70062080D /* VirtualScreenWindowController.m */; };
		68B69B141FF3D28A0062080D /* VirtualScreenWindowController.xib in Resources */ = {isa = PBXBuildFile; fileRef = 68B69B131FF3D28A0062080D /* VirtualScreenWindowController.xib */; };
		68C535D50F68971B00F39926 /* DriveWireDocument.xib in Resources */ = {isa = PBXBuildFile; fileRef = 68C535D30F68971B00F39926 /* DriveWireDocument.xib */; };
		68C5367B0F6B4E2400F39926 /* DebuggerWindowController.m in Sources */ = {isa = PBXBuildFile; fileRef = 68C5367A0F6B4E2400F39926 /* DebuggerWindowController.m */; };
		68C536B90F6B502200F39926 /* DisassemblerView.m in Sources */ = {isa = PBXBuildFile; fileRef = 68C536B80F6B502200F39926 /* DisassemblerView.m */; };
		68C7AFA71AE9C946005594CF /* VirtualSerialChannel+DWCommands.m in Sources */ = {isa = PBXBuildFile; fileRef = 68C7AFA61AE9C946005594CF /* VirtualSerialChannel+DWCommands.m */; };
		68C7AFAA1AE9C996005594CF /* VirtualSerialChannel+TCPCommands.m in Sources */ = {isa = PBXBuildFile; fileRef = 68C7AFA91AE9C996005594CF /* VirtualSerialChannel+TCPCommands.m */; };
		68C7AFAD1AE9C9CD005594CF /* VirtualSerialChannel+ATCommands.m in Sources */ = {isa = PBXBuildFile; fileRef = 68C7AFAC1AE9C9CD005594CF /* VirtualSerialChannel+ATCommands.m */; };
		68D291EF1FFE6BE10015B8DC /* DriveWire.sdef in Resources */ = {isa = PBXBuildFile; fileRef = 68D291EE1FFE6BE10015B8DC /* DriveWire.sdef */; };
		68EDF1A91FED45D8000FD52D /* VirtualSerialTableViewController.m in Sources */ = {isa = PBXBuildFile; fileRef = 68EDF1A81FED45D8000FD52D /* VirtualSerialTableViewController.m */; };
		94E43C06A59562DDAD6CF2B0 /* libPods-DriveWire.a in Frameworks */ = {isa = PBXBuildFile; fileRef = 487F4A91F5C1CBD37CD4AFFE /* libPods-DriveWire.a */; };
/* End PBXBuildFile section */

/* Begin PBXContainerItemProxy section */
		6842CEC01F97B35B00A6F829 /* PBXContainerItemProxy */ = {
			isa = PBXContainerItemProxy;
			containerPortal = 2A37F4A9FDCFA73011CA2CEA /* Project object */;
			proxyType = 1;
			remoteGlobalIDString = 68ADDE98096B723F002324CE;
			remoteInfo = "DriveWire MacServer";
		};
/* End PBXContainerItemProxy section */

/* Begin PBXFileReference section */
		0763232A94623FD3213981B1 /* Pods-DriveWire MacServer.debug.xcconfig */ = {isa = PBXFileReference; includeInIndex = 1; lastKnownFileType = text.xcconfig; name = "Pods-DriveWire MacServer.debug.xcconfig"; path = "Pods/Target Support Files/Pods-DriveWire MacServer/Pods-DriveWire MacServer.debug.xcconfig"; sourceTree = "<group>"; };
		089C1660FE840EACC02AAC07 /* English */ = {isa = PBXFileReference; fileEncoding = 10; lastKnownFileType = text.plist.strings; name = English; path = English.lproj/InfoPlist.strings; sourceTree = "<group>"; };
		2A37F4ACFDCFA73011CA2CEA /* DriveWireDocument.m */ = {isa = PBXFileReference; fileEncoding = 4; lastKnownFileType = sourcecode.c.objc; path = DriveWireDocument.m; sourceTree = "<group>"; };
		2A37F4AEFDCFA73011CA2CEA /* DriveWireDocument.h */ = {isa = PBXFileReference; fileEncoding = 4; lastKnownFileType = sourcecode.c.h; path = DriveWireDocument.h; sourceTree = "<group>"; };
		2A37F4BAFDCFA73011CA2CEA /* English */ = {isa = PBXFileReference; lastKnownFileType = text.rtf; name = English; path = English.lproj/Credits.rtf; sourceTree = "<group>"; };
		32DBCF750370BD2300C91783 /* DriveWire_Prefix.pch */ = {isa = PBXFileReference; fileEncoding = 4; lastKnownFileType = sourcecode.c.h; path = DriveWire_Prefix.pch; sourceTree = "<group>"; };
		435458113AA42290E98DB18A /* Pods-DriveWire.release.xcconfig */ = {isa = PBXFileReference; includeInIndex = 1; lastKnownFileType = text.xcconfig; name = "Pods-DriveWire.release.xcconfig"; path = "Pods/Target Support Files/Pods-DriveWire/Pods-DriveWire.release.xcconfig"; sourceTree = "<group>"; };
		487F4A91F5C1CBD37CD4AFFE /* libPods-DriveWire.a */ = {isa = PBXFileReference; explicitFileType = archive.ar; includeInIndex = 0; path = "libPods-DriveWire.a"; sourceTree = BUILT_PRODUCTS_DIR; };
		680612D01ADFC85200B1C502 /* CoCo1.png */ = {isa = PBXFileReference; lastKnownFileType = image.png; name = CoCo1.png; path = assets/CoCo1.png; sourceTree = "<group>"; };
		680612D11ADFC85200B1C502 /* CoCo2.png */ = {isa = PBXFileReference; lastKnownFileType = image.png; name = CoCo2.png; path = assets/CoCo2.png; sourceTree = "<group>"; };
		680612D21ADFC85200B1C502 /* CoCo3.png */ = {isa = PBXFileReference; lastKnownFileType = image.png; name = CoCo3.png; path = assets/CoCo3.png; sourceTree = "<group>"; };
		680612D31ADFC85200B1C502 /* Machines.psd */ = {isa = PBXFileReference; lastKnownFileType = file; name = Machines.psd; path = assets/Machines.psd; sourceTree = "<group>"; };
		6809AD7E0F6C08A6000BB954 /* VirtualDriveController.h */ = {isa = PBXFileReference; fileEncoding = 4; lastKnownFileType = sourcecode.c.h; path = VirtualDriveController.h; sourceTree = "<group>"; };
		6809AD7F0F6C08A6000BB954 /* VirtualDriveController.m */ = {isa = PBXFileReference; fileEncoding = 4; lastKnownFileType = sourcecode.c.objc; path = VirtualDriveController.m; sourceTree = "<group>"; };
		6809AD800F6C08A6000BB954 /* VirtualDriveModel.h */ = {isa = PBXFileReference; fileEncoding = 4; lastKnownFileType = sourcecode.c.h; path = VirtualDriveModel.h; sourceTree = "<group>"; };
		6809AD810F6C08A6000BB954 /* VirtualDriveModel.m */ = {isa = PBXFileReference; fileEncoding = 4; lastKnownFileType = sourcecode.c.objc; path = VirtualDriveModel.m; sourceTree = "<group>"; };
		6809AD820F6C08A6000BB954 /* VirtualDriveView.h */ = {isa = PBXFileReference; fileEncoding = 4; lastKnownFileType = sourcecode.c.h; path = VirtualDriveView.h; sourceTree = "<group>"; };
		6809AD830F6C08A6000BB954 /* VirtualDriveView.m */ = {isa = PBXFileReference; fileEncoding = 4; lastKnownFileType = sourcecode.c.objc; path = VirtualDriveView.m; sourceTree = "<group>"; };
		6809AE010F6C0C30000BB954 /* VirtualDriveView.xib */ = {isa = PBXFileReference; lastKnownFileType = file.xib; path = VirtualDriveView.xib; sourceTree = "<group>"; };
		6809AE060F6C0C4C000BB954 /* English */ = {isa = PBXFileReference; lastKnownFileType = file.xib; name = English; path = English.lproj/MainMenu.xib; sourceTree = "<group>"; };
		6809AEED0F6C0DB6000BB954 /* drive.jpg */ = {isa = PBXFileReference; lastKnownFileType = image.jpeg; name = drive.jpg; path = assets/drive.jpg; sourceTree = "<group>"; };
		6809AEEE0F6C0DB6000BB954 /* driveface.jpg */ = {isa = PBXFileReference; lastKnownFileType = image.jpeg; name = driveface.jpg; path = assets/driveface.jpg; sourceTree = "<group>"; };
		6809AEF00F6C0DB6000BB954 /* DriveWire Disk Image.psd */ = {isa = PBXFileReference; lastKnownFileType = file; name = "DriveWire Disk Image.psd"; path = "assets/DriveWire Disk Image.psd"; sourceTree = "<group>"; };
		6809AEF10F6C0DB6000BB954 /* DriveWire Document.psd */ = {isa = PBXFileReference; lastKnownFileType = file; name = "DriveWire Document.psd"; path = "assets/DriveWire Document.psd"; sourceTree = "<group>"; };
		6809AEF20F6C0DB6000BB954 /* DriveWire Icon 512x512.psd */ = {isa = PBXFileReference; lastKnownFileType = file; name = "DriveWire Icon 512x512.psd"; path = "assets/DriveWire Icon 512x512.psd"; sourceTree = "<group>"; };
		6809AEF30F6C0DB6000BB954 /* DriveWire Icon.psd */ = {isa = PBXFileReference; lastKnownFileType = file; name = "DriveWire Icon.psd"; path = "assets/DriveWire Icon.psd"; sourceTree = "<group>"; };
		6809AEF40F6C0DB6000BB954 /* DriveWire Logo.psd */ = {isa = PBXFileReference; lastKnownFileType = file; name = "DriveWire Logo.psd"; path = "assets/DriveWire Logo.psd"; sourceTree = "<group>"; };
		6809AEF50F6C0DB6000BB954 /* eject.wav */ = {isa = PBXFileReference; lastKnownFileType = audio.wav; name = eject.wav; path = assets/eject.wav; sourceTree = "<group>"; };
		6809AEF60F6C0DB6000BB954 /* insert.wav */ = {isa = PBXFileReference; lastKnownFileType = audio.wav; name = insert.wav; path = assets/insert.wav; sourceTree = "<group>"; };
		6809AEF70F6C0DB6000BB954 /* redled.jpg */ = {isa = PBXFileReference; lastKnownFileType = image.jpeg; name = redled.jpg; path = assets/redled.jpg; sourceTree = "<group>"; };
		6809AF3D0F6C0F81000BB954 /* greenled.jpg */ = {isa = PBXFileReference; lastKnownFileType = image.jpeg; name = greenled.jpg; path = assets/greenled.jpg; sourceTree = "<group>"; };
		6812B39008AD13CE002B533A /* LogViewController.m */ = {isa = PBXFileReference; fileEncoding = 30; lastKnownFileType = sourcecode.c.objc; path = LogViewController.m; sourceTree = "<group>"; };
		6812B39108AD13CE002B533A /* LogViewController.h */ = {isa = PBXFileReference; fileEncoding = 30; lastKnownFileType = sourcecode.c.h; path = LogViewController.h; sourceTree = "<group>"; };
		68150E111FA3D28300C516C9 /* DriveWire.entitlements */ = {isa = PBXFileReference; lastKnownFileType = text.plist.entitlements; path = DriveWire.entitlements; sourceTree = "<group>"; };
		68150E261FA8988000C516C9 /* dsa_pub.pem */ = {isa = PBXFileReference; fileEncoding = 4; lastKnownFileType = text; path = dsa_pub.pem; sourceTree = "<group>"; };
		68190D2C0F47011400C4CDDD /* RegisterView.m */ = {isa = PBXFileReference; fileEncoding = 4; lastKnownFileType = sourcecode.c.objc; path = RegisterView.m; sourceTree = "<group>"; };
		68190D2D0F47011400C4CDDD /* RegisterView.h */ = {isa = PBXFileReference; fileEncoding = 4; lastKnownFileType = sourcecode.c.h; path = RegisterView.h; sourceTree = "<group>"; };
		68190D2F0F47011F00C4CDDD /* MemoryView.h */ = {isa = PBXFileReference; fileEncoding = 4; lastKnownFileType = sourcecode.c.h; path = MemoryView.h; sourceTree = "<group>"; };
		68190D300F47011F00C4CDDD /* MemoryView.m */ = {isa = PBXFileReference; fileEncoding = 4; lastKnownFileType = sourcecode.c.objc; path = MemoryView.m; sourceTree = "<group>"; };
		6820991D0F6AC52200341542 /* 6309dasm.c */ = {isa = PBXFileReference; fileEncoding = 4; lastKnownFileType = sourcecode.c.c; path = 6309dasm.c; sourceTree = "<group>"; };
		6820991E0F6AC52200341542 /* hd6309.h */ = {isa = PBXFileReference; fileEncoding = 4; lastKnownFileType = sourcecode.c.h; path = hd6309.h; sourceTree = "<group>"; };
		682AA47208A7E08500278E01 /* StatsViewController.h */ = {isa = PBXFileReference; fileEncoding = 30; lastKnownFileType = sourcecode.c.h; path = StatsViewController.h; sourceTree = "<group>"; };
		682AA47308A7E08500278E01 /* StatsViewController.m */ = {isa = PBXFileReference; fileEncoding = 30; lastKnownFileType = sourcecode.c.objc; path = StatsViewController.m; sourceTree = "<group>"; };
		682F9F29077BDB200003FDA4 /* PreferenceController.h */ = {isa = PBXFileReference; fileEncoding = 30; lastKnownFileType = sourcecode.c.h; path = PreferenceController.h; sourceTree = "<group>"; };
		682F9F2A077BDB200003FDA4 /* PreferenceController.m */ = {isa = PBXFileReference; fileEncoding = 30; lastKnownFileType = sourcecode.c.objc; path = PreferenceController.m; sourceTree = "<group>"; };
		68363D430F63182400CD8A1B /* PrinterWindowController.h */ = {isa = PBXFileReference; fileEncoding = 4; lastKnownFileType = sourcecode.c.h; path = PrinterWindowController.h; sourceTree = "<group>"; };
		68363D440F63182400CD8A1B /* PrinterWindowController.m */ = {isa = PBXFileReference; fileEncoding = 4; lastKnownFileType = sourcecode.c.objc; path = PrinterWindowController.m; sourceTree = "<group>"; };
		6842CEBB1F97B35B00A6F829 /* Tests.xctest */ = {isa = PBXFileReference; explicitFileType = wrapper.cfbundle; includeInIndex = 0; path = Tests.xctest; sourceTree = BUILT_PRODUCTS_DIR; };
		6842CEBD1F97B35B00A6F829 /* Tests.m */ = {isa = PBXFileReference; lastKnownFileType = sourcecode.c.objc; path = Tests.m; sourceTree = "<group>"; };
		6842CEBF1F97B35B00A6F829 /* Info.plist */ = {isa = PBXFileReference; lastKnownFileType = text.plist.xml; path = Info.plist; sourceTree = "<group>"; };
		6842CEC51F97B53400A6F829 /* NSString+DriveWire.h */ = {isa = PBXFileReference; lastKnownFileType = sourcecode.c.h; path = "NSString+DriveWire.h"; sourceTree = "<group>"; };
		6842CEC61F97B53400A6F829 /* NSString+DriveWire.m */ = {isa = PBXFileReference; lastKnownFileType = sourcecode.c.objc; path = "NSString+DriveWire.m"; sourceTree = "<group>"; };
		685105F70966DA1C00AAEA3F /* VirtualDriveJukeBoxView.h */ = {isa = PBXFileReference; fileEncoding = 30; lastKnownFileType = sourcecode.c.h; path = VirtualDriveJukeBoxView.h; sourceTree = "<group>"; };
		685105F80966DA1C00AAEA3F /* VirtualDriveJukeBoxView.m */ = {isa = PBXFileReference; fileEncoding = 30; lastKnownFileType = sourcecode.c.objc; path = VirtualDriveJukeBoxView.m; sourceTree = "<group>"; };
		686CA3FA1AE1162500544862 /* Atari.png */ = {isa = PBXFileReference; lastKnownFileType = image.png; name = Atari.png; path = assets/Atari.png; sourceTree = "<group>"; };
		686CA3FC1AE11ED900544862 /* DriveWire-Logo.png */ = {isa = PBXFileReference; lastKnownFileType = image.png; name = "DriveWire-Logo.png"; path = "assets/DriveWire-Logo.png"; sourceTree = "<group>"; };
		686CA4021AE1C4E000544862 /* VirtualScreenView.h */ = {isa = PBXFileReference; fileEncoding = 4; lastKnownFileType = sourcecode.c.h; name = VirtualScreenView.h; path = source/VirtualScreenView.h; sourceTree = "<group>"; };
		686CA4031AE1C4E000544862 /* VirtualScreenView.m */ = {isa = PBXFileReference; fileEncoding = 4; lastKnownFileType = sourcecode.c.objc; name = VirtualScreenView.m; path = source/VirtualScreenView.m; sourceTree = "<group>"; };
		686CA4051AE1C4EF00544862 /* VirtualScreenViewController.h */ = {isa = PBXFileReference; fileEncoding = 4; lastKnownFileType = sourcecode.c.h; name = VirtualScreenViewController.h; path = source/VirtualScreenViewController.h; sourceTree = "<group>"; };
		686CA4061AE1C4EF00544862 /* VirtualScreenViewController.m */ = {isa = PBXFileReference; fileEncoding = 4; lastKnownFileType = sourcecode.c.objc; name = VirtualScreenViewController.m; path = source/VirtualScreenViewController.m; sourceTree = "<group>"; };
		686CA40B1AE272FE00544862 /* Security.framework */ = {isa = PBXFileReference; lastKnownFileType = wrapper.framework; name = Security.framework; path = System/Library/Frameworks/Security.framework; sourceTree = SDKROOT; };
		6872687908A97EDD00ADD1F0 /* DriveWire Icon.icns */ = {isa = PBXFileReference; lastKnownFileType = image.icns; name = "DriveWire Icon.icns"; path = "assets/DriveWire Icon.icns"; sourceTree = "<group>"; };
		68742C360F41A78E0049FEF6 /* DriveWireServerModel.m */ = {isa = PBXFileReference; fileEncoding = 4; lastKnownFileType = sourcecode.c.objc; path = DriveWireServerModel.m; sourceTree = "<group>"; };
		68742E850F41B9EA0049FEF6 /* AppKit.framework */ = {isa = PBXFileReference; lastKnownFileType = wrapper.framework; name = AppKit.framework; path = /System/Library/Frameworks/AppKit.framework; sourceTree = "<absolute>"; };
		68742E860F41B9EA0049FEF6 /* Cocoa.framework */ = {isa = PBXFileReference; lastKnownFileType = wrapper.framework; name = Cocoa.framework; path = /System/Library/Frameworks/Cocoa.framework; sourceTree = "<absolute>"; };
		6879C0271ADFC0750033AF94 /* main.m */ = {isa = PBXFileReference; fileEncoding = 4; lastKnownFileType = sourcecode.c.objc; name = main.m; path = source/main.m; sourceTree = "<group>"; };
		68A1F6A81ADF59DF00A5B030 /* VirtualSerialChannel.h */ = {isa = PBXFileReference; fileEncoding = 4; lastKnownFileType = sourcecode.c.h; path = VirtualSerialChannel.h; sourceTree = "<group>"; };
		68A1F6A91ADF59DF00A5B030 /* VirtualSerialChannel.m */ = {isa = PBXFileReference; fileEncoding = 4; lastKnownFileType = sourcecode.c.objc; path = VirtualSerialChannel.m; sourceTree = "<group>"; };
		68ABF6CF09806CD600838EB9 /* English */ = {isa = PBXFileReference; lastKnownFileType = folder; name = English; path = "English.lproj/DriveWire Help"; sourceTree = "<group>"; };
		68ADDE99096B723F002324CE /* DriveWire.app */ = {isa = PBXFileReference; explicitFileType = wrapper.application; includeInIndex = 0; path = DriveWire.app; sourceTree = BUILT_PRODUCTS_DIR; };
		68B69B101FF3D0B70062080D /* VirtualScreenWindowController.h */ = {isa = PBXFileReference; lastKnownFileType = sourcecode.c.h; name = VirtualScreenWindowController.h; path = source/VirtualScreenWindowController.h; sourceTree = "<group>"; };
		68B69B111FF3D0B70062080D /* VirtualScreenWindowController.m */ = {isa = PBXFileReference; lastKnownFileType = sourcecode.c.objc; name = VirtualScreenWindowController.m; path = source/VirtualScreenWindowController.m; sourceTree = "<group>"; };
		68B69B131FF3D28A0062080D /* VirtualScreenWindowController.xib */ = {isa = PBXFileReference; lastKnownFileType = file.xib; name = VirtualScreenWindowController.xib; path = source/VirtualScreenWindowController.xib; sourceTree = "<group>"; };
		68C494E00965F00500F9E265 /* DriveWire Disk Image.icns */ = {isa = PBXFileReference; lastKnownFileType = image.icns; name = "DriveWire Disk Image.icns"; path = "assets/DriveWire Disk Image.icns"; sourceTree = "<group>"; };
		68C494E20965F01800F9E265 /* DriveWire Document.icns */ = {isa = PBXFileReference; lastKnownFileType = image.icns; name = "DriveWire Document.icns"; path = "assets/DriveWire Document.icns"; sourceTree = "<group>"; };
		68C4C9501F98BB150077A72D /* README.md */ = {isa = PBXFileReference; lastKnownFileType = net.daringfireball.markdown; path = README.md; sourceTree = "<group>"; };
		68C535C80F6895A500F39926 /* DriveWireServerModel.h */ = {isa = PBXFileReference; fileEncoding = 4; lastKnownFileType = sourcecode.c.h; path = DriveWireServerModel.h; sourceTree = "<group>"; };
		68C535D40F68971B00F39926 /* English */ = {isa = PBXFileReference; lastKnownFileType = file.xib; name = English; path = English.lproj/DriveWireDocument.xib; sourceTree = "<group>"; };
		68C536790F6B4E2400F39926 /* DebuggerWindowController.h */ = {isa = PBXFileReference; fileEncoding = 4; lastKnownFileType = sourcecode.c.h; path = DebuggerWindowController.h; sourceTree = "<group>"; };
		68C5367A0F6B4E2400F39926 /* DebuggerWindowController.m */ = {isa = PBXFileReference; fileEncoding = 4; lastKnownFileType = sourcecode.c.objc; path = DebuggerWindowController.m; sourceTree = "<group>"; };
		68C536B70F6B502200F39926 /* DisassemblerView.h */ = {isa = PBXFileReference; fileEncoding = 4; lastKnownFileType = sourcecode.c.h; path = DisassemblerView.h; sourceTree = "<group>"; };
		68C536B80F6B502200F39926 /* DisassemblerView.m */ = {isa = PBXFileReference; fileEncoding = 4; lastKnownFileType = sourcecode.c.objc; path = DisassemblerView.m; sourceTree = "<group>"; };
		68C7AFA51AE9C946005594CF /* VirtualSerialChannel+DWCommands.h */ = {isa = PBXFileReference; fileEncoding = 4; lastKnownFileType = sourcecode.c.h; path = "VirtualSerialChannel+DWCommands.h"; sourceTree = "<group>"; };
		68C7AFA61AE9C946005594CF /* VirtualSerialChannel+DWCommands.m */ = {isa = PBXFileReference; fileEncoding = 4; lastKnownFileType = sourcecode.c.objc; path = "VirtualSerialChannel+DWCommands.m"; sourceTree = "<group>"; };
		68C7AFA81AE9C996005594CF /* VirtualSerialChannel+TCPCommands.h */ = {isa = PBXFileReference; fileEncoding = 4; lastKnownFileType = sourcecode.c.h; path = "VirtualSerialChannel+TCPCommands.h"; sourceTree = "<group>"; };
		68C7AFA91AE9C996005594CF /* VirtualSerialChannel+TCPCommands.m */ = {isa = PBXFileReference; fileEncoding = 4; lastKnownFileType = sourcecode.c.objc; path = "VirtualSerialChannel+TCPCommands.m"; sourceTree = "<group>"; };
		68C7AFAB1AE9C9CD005594CF /* VirtualSerialChannel+ATCommands.h */ = {isa = PBXFileReference; fileEncoding = 4; lastKnownFileType = sourcecode.c.h; path = "VirtualSerialChannel+ATCommands.h"; sourceTree = "<group>"; };
		68C7AFAC1AE9C9CD005594CF /* VirtualSerialChannel+ATCommands.m */ = {isa = PBXFileReference; fileEncoding = 4; lastKnownFileType = sourcecode.c.objc; path = "VirtualSerialChannel+ATCommands.m"; sourceTree = "<group>"; };
		68D291EE1FFE6BE10015B8DC /* DriveWire.sdef */ = {isa = PBXFileReference; fileEncoding = 4; lastKnownFileType = text.xml; path = DriveWire.sdef; sourceTree = "<group>"; };
		68DBD1DE0964F1A900B011C5 /* DWAppDelegate.m */ = {isa = PBXFileReference; fileEncoding = 30; lastKnownFileType = sourcecode.c.objc; path = DWAppDelegate.m; sourceTree = "<group>"; };
		68DBD1DF0964F1A900B011C5 /* DWAppDelegate.h */ = {isa = PBXFileReference; fileEncoding = 30; lastKnownFileType = sourcecode.c.h; path = DWAppDelegate.h; sourceTree = "<group>"; };
		68EDF1A71FED45D8000FD52D /* VirtualSerialTableViewController.h */ = {isa = PBXFileReference; lastKnownFileType = sourcecode.c.h; name = VirtualSerialTableViewController.h; path = source/VirtualSerialTableViewController.h; sourceTree = "<group>"; };
		68EDF1A81FED45D8000FD52D /* VirtualSerialTableViewController.m */ = {isa = PBXFileReference; lastKnownFileType = sourcecode.c.objc; name = VirtualSerialTableViewController.m; path = source/VirtualSerialTableViewController.m; sourceTree = "<group>"; };
		8D15AC360486D014006FF6A4 /* DriveWire-Info.plist */ = {isa = PBXFileReference; fileEncoding = 4; lastKnownFileType = text.plist.xml; path = "DriveWire-Info.plist"; sourceTree = "<group>"; };
		959227020E964D36700A544E /* Pods-DriveWire.debug.xcconfig */ = {isa = PBXFileReference; includeInIndex = 1; lastKnownFileType = text.xcconfig; name = "Pods-DriveWire.debug.xcconfig"; path = "Pods/Target Support Files/Pods-DriveWire/Pods-DriveWire.debug.xcconfig"; sourceTree = "<group>"; };
		BD40BD754E2481641C1DCDF9 /* Pods-DriveWire MacServer.release.xcconfig */ = {isa = PBXFileReference; includeInIndex = 1; lastKnownFileType = text.xcconfig; name = "Pods-DriveWire MacServer.release.xcconfig"; path = "Pods/Target Support Files/Pods-DriveWire MacServer/Pods-DriveWire MacServer.release.xcconfig"; sourceTree = "<group>"; };
/* End PBXFileReference section */

/* Begin PBXFrameworksBuildPhase section */
		6842CEB81F97B35B00A6F829 /* Frameworks */ = {
			isa = PBXFrameworksBuildPhase;
			buildActionMask = 2147483647;
			files = (
			);
			runOnlyForDeploymentPostprocessing = 0;
		};
		68ADDE97096B723F002324CE /* Frameworks */ = {
			isa = PBXFrameworksBuildPhase;
			buildActionMask = 2147483647;
			files = (
				686CA40C1AE272FE00544862 /* Security.framework in Frameworks */,
				68742E870F41B9EA0049FEF6 /* AppKit.framework in Frameworks */,
				68742E880F41B9EA0049FEF6 /* Cocoa.framework in Frameworks */,
				94E43C06A59562DDAD6CF2B0 /* libPods-DriveWire.a in Frameworks */,
			);
			runOnlyForDeploymentPostprocessing = 0;
		};
/* End PBXFrameworksBuildPhase section */

/* Begin PBXGroup section */
		19C28FB0FE9D524F11CA2CBB /* Products */ = {
			isa = PBXGroup;
			children = (
				68ADDE99096B723F002324CE /* DriveWire.app */,
				6842CEBB1F97B35B00A6F829 /* Tests.xctest */,
			);
			name = Products;
			sourceTree = "<group>";
		};
		2A37F4AAFDCFA73011CA2CEA /* DriveWire */ = {
			isa = PBXGroup;
			children = (
				68C4C9501F98BB150077A72D /* README.md */,
				68150E261FA8988000C516C9 /* dsa_pub.pem */,
				68150E111FA3D28300C516C9 /* DriveWire.entitlements */,
				68D291EE1FFE6BE10015B8DC /* DriveWire.sdef */,
				2A37F4ABFDCFA73011CA2CEA /* Classes */,
				6842CEBC1F97B35B00A6F829 /* Tests */,
				68DB155809683356005D9079 /* Frameworks */,
				2A37F4AFFDCFA73011CA2CEA /* Other Sources */,
				6882CEA5096B5BAF0065973D /* Resources */,
				19C28FB0FE9D524F11CA2CBB /* Products */,
				95D124CD3F955202ECB1EC9E /* Pods */,
			);
			name = DriveWire;
			sourceTree = "<group>";
		};
		2A37F4ABFDCFA73011CA2CEA /* Classes */ = {
			isa = PBXGroup;
			children = (
				6842CEC51F97B53400A6F829 /* NSString+DriveWire.h */,
				6842CEC61F97B53400A6F829 /* NSString+DriveWire.m */,
				686CA4461AE3E0D600544862 /* Network Window */,
				686CA3FE1AE1C4AC00544862 /* VirtualScreen */,
				6809AD790F6C086D000BB954 /* VirtualDrive */,
				68C537050F6B509A00F39926 /* Printer Window */,
				68E20D4C098D173B00FF0CF2 /* Debugger Window */,
				68CED8D2095B30930055679A /* DriveWire */,
				68CED8D1095B305F0055679A /* Application Management */,
				68CED8C4095B302F0055679A /* Document Management */,
				6872657F08A8163700ADD1F0 /* Statistics */,
			);
			name = Classes;
			sourceTree = "<group>";
		};
		2A37F4AFFDCFA73011CA2CEA /* Other Sources */ = {
			isa = PBXGroup;
			children = (
				6879C0271ADFC0750033AF94 /* main.m */,
				32DBCF750370BD2300C91783 /* DriveWire_Prefix.pch */,
			);
			name = "Other Sources";
			sourceTree = "<group>";
		};
		680612CF1ADFC82C00B1C502 /* Source Assets */ = {
			isa = PBXGroup;
			children = (
				680612D31ADFC85200B1C502 /* Machines.psd */,
				6809AEF40F6C0DB6000BB954 /* DriveWire Logo.psd */,
				6809AEF30F6C0DB6000BB954 /* DriveWire Icon.psd */,
				6809AEF20F6C0DB6000BB954 /* DriveWire Icon 512x512.psd */,
				6809AEF00F6C0DB6000BB954 /* DriveWire Disk Image.psd */,
				6809AEF10F6C0DB6000BB954 /* DriveWire Document.psd */,
				686CA3FC1AE11ED900544862 /* DriveWire-Logo.png */,
			);
			name = "Source Assets";
			sourceTree = "<group>";
		};
		6809AD790F6C086D000BB954 /* VirtualDrive */ = {
			isa = PBXGroup;
			children = (
				6809AE010F6C0C30000BB954 /* VirtualDriveView.xib */,
				6809AD7E0F6C08A6000BB954 /* VirtualDriveController.h */,
				6809AD7F0F6C08A6000BB954 /* VirtualDriveController.m */,
				6809AD800F6C08A6000BB954 /* VirtualDriveModel.h */,
				6809AD810F6C08A6000BB954 /* VirtualDriveModel.m */,
				6809AD820F6C08A6000BB954 /* VirtualDriveView.h */,
				6809AD830F6C08A6000BB954 /* VirtualDriveView.m */,
				685105F70966DA1C00AAEA3F /* VirtualDriveJukeBoxView.h */,
				685105F80966DA1C00AAEA3F /* VirtualDriveJukeBoxView.m */,
			);
			name = VirtualDrive;
			path = source;
			sourceTree = "<group>";
		};
		6842CEBC1F97B35B00A6F829 /* Tests */ = {
			isa = PBXGroup;
			children = (
				6842CEBD1F97B35B00A6F829 /* Tests.m */,
				6842CEBF1F97B35B00A6F829 /* Info.plist */,
			);
			path = Tests;
			sourceTree = "<group>";
		};
		686CA3FE1AE1C4AC00544862 /* VirtualScreen */ = {
			isa = PBXGroup;
			children = (
				686CA4021AE1C4E000544862 /* VirtualScreenView.h */,
				686CA4031AE1C4E000544862 /* VirtualScreenView.m */,
				686CA4051AE1C4EF00544862 /* VirtualScreenViewController.h */,
				686CA4061AE1C4EF00544862 /* VirtualScreenViewController.m */,
				68B69B131FF3D28A0062080D /* VirtualScreenWindowController.xib */,
				68B69B101FF3D0B70062080D /* VirtualScreenWindowController.h */,
				68B69B111FF3D0B70062080D /* VirtualScreenWindowController.m */,
			);
			name = VirtualScreen;
			sourceTree = "<group>";
		};
		686CA4461AE3E0D600544862 /* Network Window */ = {
			isa = PBXGroup;
			children = (
				68EDF1A71FED45D8000FD52D /* VirtualSerialTableViewController.h */,
				68EDF1A81FED45D8000FD52D /* VirtualSerialTableViewController.m */,
			);
			name = "Network Window";
			sourceTree = "<group>";
		};
		6872657F08A8163700ADD1F0 /* Statistics */ = {
			isa = PBXGroup;
			children = (
				682AA47208A7E08500278E01 /* StatsViewController.h */,
				682AA47308A7E08500278E01 /* StatsViewController.m */,
				6812B39108AD13CE002B533A /* LogViewController.h */,
				6812B39008AD13CE002B533A /* LogViewController.m */,
			);
			name = Statistics;
			path = source;
			sourceTree = "<group>";
		};
		6882CEA5096B5BAF0065973D /* Resources */ = {
			isa = PBXGroup;
			children = (
				680612CF1ADFC82C00B1C502 /* Source Assets */,
				680612D01ADFC85200B1C502 /* CoCo1.png */,
				680612D11ADFC85200B1C502 /* CoCo2.png */,
				680612D21ADFC85200B1C502 /* CoCo3.png */,
				686CA3FA1AE1162500544862 /* Atari.png */,
				6809AE050F6C0C4C000BB954 /* MainMenu.xib */,
				6809AF3D0F6C0F81000BB954 /* greenled.jpg */,
				6809AEF70F6C0DB6000BB954 /* redled.jpg */,
				6809AEED0F6C0DB6000BB954 /* drive.jpg */,
				6809AEEE0F6C0DB6000BB954 /* driveface.jpg */,
				6809AEF50F6C0DB6000BB954 /* eject.wav */,
				6809AEF60F6C0DB6000BB954 /* insert.wav */,
				68ABF6CE09806CD600838EB9 /* DriveWire Help */,
				68C494E20965F01800F9E265 /* DriveWire Document.icns */,
				68C494E00965F00500F9E265 /* DriveWire Disk Image.icns */,
				6872687908A97EDD00ADD1F0 /* DriveWire Icon.icns */,
				2A37F4B9FDCFA73011CA2CEA /* Credits.rtf */,
				8D15AC360486D014006FF6A4 /* DriveWire-Info.plist */,
				089C165FFE840EACC02AAC07 /* InfoPlist.strings */,
			);
			name = Resources;
			sourceTree = "<group>";
		};
		68C537050F6B509A00F39926 /* Printer Window */ = {
			isa = PBXGroup;
			children = (
				68363D430F63182400CD8A1B /* PrinterWindowController.h */,
				68363D440F63182400CD8A1B /* PrinterWindowController.m */,
			);
			name = "Printer Window";
			path = source;
			sourceTree = "<group>";
		};
		68CED8C4095B302F0055679A /* Document Management */ = {
			isa = PBXGroup;
			children = (
				68C535D30F68971B00F39926 /* DriveWireDocument.xib */,
				2A37F4AEFDCFA73011CA2CEA /* DriveWireDocument.h */,
				2A37F4ACFDCFA73011CA2CEA /* DriveWireDocument.m */,
			);
			name = "Document Management";
			path = source;
			sourceTree = "<group>";
		};
		68CED8D1095B305F0055679A /* Application Management */ = {
			isa = PBXGroup;
			children = (
				682F9F29077BDB200003FDA4 /* PreferenceController.h */,
				682F9F2A077BDB200003FDA4 /* PreferenceController.m */,
				68DBD1DF0964F1A900B011C5 /* DWAppDelegate.h */,
				68DBD1DE0964F1A900B011C5 /* DWAppDelegate.m */,
			);
			name = "Application Management";
			path = source;
			sourceTree = "<group>";
		};
		68CED8D2095B30930055679A /* DriveWire */ = {
			isa = PBXGroup;
			children = (
				68C535C80F6895A500F39926 /* DriveWireServerModel.h */,
				68742C360F41A78E0049FEF6 /* DriveWireServerModel.m */,
				68A1F6A81ADF59DF00A5B030 /* VirtualSerialChannel.h */,
				68A1F6A91ADF59DF00A5B030 /* VirtualSerialChannel.m */,
				68C7AFAB1AE9C9CD005594CF /* VirtualSerialChannel+ATCommands.h */,
				68C7AFAC1AE9C9CD005594CF /* VirtualSerialChannel+ATCommands.m */,
				68C7AFA51AE9C946005594CF /* VirtualSerialChannel+DWCommands.h */,
				68C7AFA61AE9C946005594CF /* VirtualSerialChannel+DWCommands.m */,
				68C7AFA81AE9C996005594CF /* VirtualSerialChannel+TCPCommands.h */,
				68C7AFA91AE9C996005594CF /* VirtualSerialChannel+TCPCommands.m */,
			);
			name = DriveWire;
			path = source;
			sourceTree = "<group>";
		};
		68DB155809683356005D9079 /* Frameworks */ = {
			isa = PBXGroup;
			children = (
				686CA40B1AE272FE00544862 /* Security.framework */,
				68742E850F41B9EA0049FEF6 /* AppKit.framework */,
				68742E860F41B9EA0049FEF6 /* Cocoa.framework */,
				487F4A91F5C1CBD37CD4AFFE /* libPods-DriveWire.a */,
			);
			name = Frameworks;
			sourceTree = "<group>";
		};
		68E20D4C098D173B00FF0CF2 /* Debugger Window */ = {
			isa = PBXGroup;
			children = (
				68C536790F6B4E2400F39926 /* DebuggerWindowController.h */,
				68C5367A0F6B4E2400F39926 /* DebuggerWindowController.m */,
				6820991D0F6AC52200341542 /* 6309dasm.c */,
				6820991E0F6AC52200341542 /* hd6309.h */,
				68190D2C0F47011400C4CDDD /* RegisterView.m */,
				68190D2D0F47011400C4CDDD /* RegisterView.h */,
				68190D2F0F47011F00C4CDDD /* MemoryView.h */,
				68190D300F47011F00C4CDDD /* MemoryView.m */,
				68C536B70F6B502200F39926 /* DisassemblerView.h */,
				68C536B80F6B502200F39926 /* DisassemblerView.m */,
			);
			name = "Debugger Window";
			path = source;
			sourceTree = "<group>";
		};
		95D124CD3F955202ECB1EC9E /* Pods */ = {
			isa = PBXGroup;
			children = (
				0763232A94623FD3213981B1 /* Pods-DriveWire MacServer.debug.xcconfig */,
				BD40BD754E2481641C1DCDF9 /* Pods-DriveWire MacServer.release.xcconfig */,
				959227020E964D36700A544E /* Pods-DriveWire.debug.xcconfig */,
				435458113AA42290E98DB18A /* Pods-DriveWire.release.xcconfig */,
			);
			name = Pods;
			sourceTree = "<group>";
		};
/* End PBXGroup section */

/* Begin PBXNativeTarget section */
		6842CEBA1F97B35B00A6F829 /* Tests */ = {
			isa = PBXNativeTarget;
			buildConfigurationList = 6842CEC41F97B35B00A6F829 /* Build configuration list for PBXNativeTarget "Tests" */;
			buildPhases = (
				6842CEB71F97B35B00A6F829 /* Sources */,
				6842CEB81F97B35B00A6F829 /* Frameworks */,
				6842CEB91F97B35B00A6F829 /* Resources */,
			);
			buildRules = (
			);
			dependencies = (
				6842CEC11F97B35B00A6F829 /* PBXTargetDependency */,
			);
			name = Tests;
			productName = Tests;
			productReference = 6842CEBB1F97B35B00A6F829 /* Tests.xctest */;
			productType = "com.apple.product-type.bundle.unit-test";
		};
		68ADDE98096B723F002324CE /* DriveWire */ = {
			isa = PBXNativeTarget;
			buildConfigurationList = 68ADDE9C096B723F002324CE /* Build configuration list for PBXNativeTarget "DriveWire" */;
			buildPhases = (
				3F4EAEAB8530F6DF36AC15E2 /* [CP] Check Pods Manifest.lock */,
				68ADDE95096B723F002324CE /* Resources */,
				68ADDE96096B723F002324CE /* Sources */,
				68ADDE97096B723F002324CE /* Frameworks */,
				68150E281FA8A27800C516C9 /* Set Build Number */,
				730E88D4E8D2D859A2E46F73 /* [CP] Embed Pods Frameworks */,
				9FA43F8D23F1BD95E3BFDF64 /* [CP] Copy Pods Resources */,
			);
			buildRules = (
			);
			dependencies = (
			);
			name = DriveWire;
			productName = "DriveWire MacServer";
			productReference = 68ADDE99096B723F002324CE /* DriveWire.app */;
			productType = "com.apple.product-type.application";
		};
/* End PBXNativeTarget section */

/* Begin PBXProject section */
		2A37F4A9FDCFA73011CA2CEA /* Project object */ = {
			isa = PBXProject;
			attributes = {
				LastUpgradeCheck = 0900;
				TargetAttributes = {
					6842CEBA1F97B35B00A6F829 = {
						CreatedOnToolsVersion = 9.0;
						DevelopmentTeam = 9UKFRNS4PM;
						ProvisioningStyle = Manual;
						TestTargetID = 68ADDE98096B723F002324CE;
					};
					68ADDE98096B723F002324CE = {
						DevelopmentTeam = 9UKFRNS4PM;
						ProvisioningStyle = Manual;
						SystemCapabilities = {
							com.apple.Sandbox = {
								enabled = 0;
							};
						};
					};
				};
			};
			buildConfigurationList = 68A78B4008A1452000865FD4 /* Build configuration list for PBXProject "DriveWire" */;
			compatibilityVersion = "Xcode 3.2";
			developmentRegion = English;
			hasScannedForEncodings = 1;
			knownRegions = (
				en,
			);
			mainGroup = 2A37F4AAFDCFA73011CA2CEA /* DriveWire */;
			productRefGroup = 19C28FB0FE9D524F11CA2CBB /* Products */;
			projectDirPath = "";
			projectRoot = "";
			targets = (
				68ADDE98096B723F002324CE /* DriveWire */,
				6842CEBA1F97B35B00A6F829 /* Tests */,
			);
		};
/* End PBXProject section */

/* Begin PBXResourcesBuildPhase section */
		6842CEB91F97B35B00A6F829 /* Resources */ = {
			isa = PBXResourcesBuildPhase;
			buildActionMask = 2147483647;
			files = (
			);
			runOnlyForDeploymentPostprocessing = 0;
		};
		68ADDE95096B723F002324CE /* Resources */ = {
			isa = PBXResourcesBuildPhase;
			buildActionMask = 2147483647;
			files = (
				68ADE055096B7686002324CE /* DriveWire Document.icns in Resources */,
				68ADE056096B7686002324CE /* DriveWire Disk Image.icns in Resources */,
				68ADE057096B7686002324CE /* DriveWire Icon.icns in Resources */,
				68ADE05D096B7686002324CE /* Credits.rtf in Resources */,
				686CA3FD1AE11ED900544862 /* DriveWire-Logo.png in Resources */,
				68ADE05F096B7686002324CE /* InfoPlist.strings in Resources */,
				68ABF6F309806CD600838EB9 /* DriveWire Help in Resources */,
				68C535D50F68971B00F39926 /* DriveWireDocument.xib in Resources */,
				6809AE020F6C0C30000BB954 /* VirtualDriveView.xib in Resources */,
				6809AE070F6C0C4C000BB954 /* MainMenu.xib in Resources */,
				68150E271FA8988000C516C9 /* dsa_pub.pem in Resources */,
				6809AEFB0F6C0DB6000BB954 /* drive.jpg in Resources */,
				6809AEFC0F6C0DB6000BB954 /* driveface.jpg in Resources */,
				68D291EF1FFE6BE10015B8DC /* DriveWire.sdef in Resources */,
				68B69B141FF3D28A0062080D /* VirtualScreenWindowController.xib in Resources */,
				680612D41ADFC85200B1C502 /* CoCo1.png in Resources */,
				686CA3FB1AE1162500544862 /* Atari.png in Resources */,
				6809AF030F6C0DB6000BB954 /* eject.wav in Resources */,
				6809AF040F6C0DB6000BB954 /* insert.wav in Resources */,
				6809AF050F6C0DB6000BB954 /* redled.jpg in Resources */,
				680612D51ADFC85200B1C502 /* CoCo2.png in Resources */,
				6809AF3E0F6C0F81000BB954 /* greenled.jpg in Resources */,
				680612D61ADFC85200B1C502 /* CoCo3.png in Resources */,
			);
			runOnlyForDeploymentPostprocessing = 0;
		};
/* End PBXResourcesBuildPhase section */

/* Begin PBXShellScriptBuildPhase section */
		3F4EAEAB8530F6DF36AC15E2 /* [CP] Check Pods Manifest.lock */ = {
			isa = PBXShellScriptBuildPhase;
			buildActionMask = 2147483647;
			files = (
			);
			inputPaths = (
				"${PODS_PODFILE_DIR_PATH}/Podfile.lock",
				"${PODS_ROOT}/Manifest.lock",
			);
			name = "[CP] Check Pods Manifest.lock";
			outputPaths = (
				"$(DERIVED_FILE_DIR)/Pods-DriveWire-checkManifestLockResult.txt",
			);
			runOnlyForDeploymentPostprocessing = 0;
			shellPath = /bin/sh;
			shellScript = "diff \"${PODS_PODFILE_DIR_PATH}/Podfile.lock\" \"${PODS_ROOT}/Manifest.lock\" > /dev/null\nif [ $? != 0 ] ; then\n    # print error to STDERR\n    echo \"error: The sandbox is not in sync with the Podfile.lock. Run 'pod install' or update your CocoaPods installation.\" >&2\n    exit 1\nfi\n# This output is used by Xcode 'outputs' to avoid re-running this script phase.\necho \"SUCCESS\" > \"${SCRIPT_OUTPUT_FILE_0}\"\n";
			showEnvVarsInLog = 0;
		};
		68150E281FA8A27800C516C9 /* Set Build Number */ = {
			isa = PBXShellScriptBuildPhase;
			buildActionMask = 2147483647;
			files = (
			);
			inputPaths = (
			);
			name = "Set Build Number";
			outputPaths = (
			);
			runOnlyForDeploymentPostprocessing = 0;
			shellPath = /bin/sh;
			shellScript = "if [ \"the$XCS_INTEGRATION_NUMBER\" != \"the\" ]; then\necho \"Setting integration build number: $XCS_INTEGRATION_NUMBER\"\nxcrun agvtool new-version -all \"$XCS_INTEGRATION_NUMBER\"\nfi\n";
		};
		730E88D4E8D2D859A2E46F73 /* [CP] Embed Pods Frameworks */ = {
			isa = PBXShellScriptBuildPhase;
			buildActionMask = 2147483647;
			files = (
			);
			inputPaths = (
				"${SRCROOT}/Pods/Target Support Files/Pods-DriveWire/Pods-DriveWire-frameworks.sh",
				"${PODS_ROOT}/Sparkle/Sparkle.framework",
				"${PODS_ROOT}/Sparkle/Sparkle.framework.dSYM",
				"${PODS_ROOT}/TeeBoy/TeeBoy.framework",
				"${PODS_ROOT}/TeeBoy/TeeBoy.framework.dSYM",
			);
			name = "[CP] Embed Pods Frameworks";
			outputPaths = (
				"${TARGET_BUILD_DIR}/${FRAMEWORKS_FOLDER_PATH}/Sparkle.framework",
				"${DWARF_DSYM_FOLDER_PATH}/Sparkle.framework.dSYM",
				"${TARGET_BUILD_DIR}/${FRAMEWORKS_FOLDER_PATH}/TeeBoy.framework",
				"${DWARF_DSYM_FOLDER_PATH}/TeeBoy.framework.dSYM",
			);
			runOnlyForDeploymentPostprocessing = 0;
			shellPath = /bin/sh;
			shellScript = "\"${SRCROOT}/Pods/Target Support Files/Pods-DriveWire/Pods-DriveWire-frameworks.sh\"\n";
			showEnvVarsInLog = 0;
		};
		9FA43F8D23F1BD95E3BFDF64 /* [CP] Copy Pods Resources */ = {
			isa = PBXShellScriptBuildPhase;
			buildActionMask = 2147483647;
			files = (
			);
			inputPaths = (
			);
			name = "[CP] Copy Pods Resources";
			outputPaths = (
			);
			runOnlyForDeploymentPostprocessing = 0;
			shellPath = /bin/sh;
			shellScript = "\"${SRCROOT}/Pods/Target Support Files/Pods-DriveWire/Pods-DriveWire-resources.sh\"\n";
			showEnvVarsInLog = 0;
		};
/* End PBXShellScriptBuildPhase section */

/* Begin PBXSourcesBuildPhase section */
		6842CEB71F97B35B00A6F829 /* Sources */ = {
			isa = PBXSourcesBuildPhase;
			buildActionMask = 2147483647;
			files = (
				6842CEBE1F97B35B00A6F829 /* Tests.m in Sources */,
			);
			runOnlyForDeploymentPostprocessing = 0;
		};
		68ADDE96096B723F002324CE /* Sources */ = {
			isa = PBXSourcesBuildPhase;
			buildActionMask = 2147483647;
			files = (
				68C7AFAD1AE9C9CD005594CF /* VirtualSerialChannel+ATCommands.m in Sources */,
				68ADDF87096B7347002324CE /* DWAppDelegate.m in Sources */,
				68ADDF8B096B7347002324CE /* LogViewController.m in Sources */,
				68ADDF8D096B7347002324CE /* DriveWireDocument.m in Sources */,
				68ADDF8F096B7347002324CE /* PreferenceController.m in Sources */,
				6842CEC71F97B53400A6F829 /* NSString+DriveWire.m in Sources */,
				68C7AFA71AE9C946005594CF /* VirtualSerialChannel+DWCommands.m in Sources */,
				68ADDF91096B7347002324CE /* StatsViewController.m in Sources */,
				68ADDF93096B7347002324CE /* VirtualDriveJukeBoxView.m in Sources */,
				68742C370F41A78E0049FEF6 /* DriveWireServerModel.m in Sources */,
				686CA4071AE1C4EF00544862 /* VirtualScreenViewController.m in Sources */,
				68190D2E0F47011400C4CDDD /* RegisterView.m in Sources */,
				68190D310F47011F00C4CDDD /* MemoryView.m in Sources */,
				68A1F6AA1ADF59DF00A5B030 /* VirtualSerialChannel.m in Sources */,
				68363D450F63182400CD8A1B /* PrinterWindowController.m in Sources */,
				68B69B121FF3D0B70062080D /* VirtualScreenWindowController.m in Sources */,
				68C5367B0F6B4E2400F39926 /* DebuggerWindowController.m in Sources */,
				6879C0281ADFC0750033AF94 /* main.m in Sources */,
				68EDF1A91FED45D8000FD52D /* VirtualSerialTableViewController.m in Sources */,
				68C536B90F6B502200F39926 /* DisassemblerView.m in Sources */,
				6809AD840F6C08A6000BB954 /* VirtualDriveController.m in Sources */,
				68C7AFAA1AE9C996005594CF /* VirtualSerialChannel+TCPCommands.m in Sources */,
				6809AD850F6C08A6000BB954 /* VirtualDriveModel.m in Sources */,
				6809AD860F6C08A6000BB954 /* VirtualDriveView.m in Sources */,
				686CA4041AE1C4E000544862 /* VirtualScreenView.m in Sources */,
			);
			runOnlyForDeploymentPostprocessing = 0;
		};
/* End PBXSourcesBuildPhase section */

/* Begin PBXTargetDependency section */
		6842CEC11F97B35B00A6F829 /* PBXTargetDependency */ = {
			isa = PBXTargetDependency;
			target = 68ADDE98096B723F002324CE /* DriveWire */;
			targetProxy = 6842CEC01F97B35B00A6F829 /* PBXContainerItemProxy */;
		};
/* End PBXTargetDependency section */

/* Begin PBXVariantGroup section */
		089C165FFE840EACC02AAC07 /* InfoPlist.strings */ = {
			isa = PBXVariantGroup;
			children = (
				089C1660FE840EACC02AAC07 /* English */,
			);
			name = InfoPlist.strings;
			sourceTree = "<group>";
		};
		2A37F4B9FDCFA73011CA2CEA /* Credits.rtf */ = {
			isa = PBXVariantGroup;
			children = (
				2A37F4BAFDCFA73011CA2CEA /* English */,
			);
			name = Credits.rtf;
			sourceTree = "<group>";
		};
		6809AE050F6C0C4C000BB954 /* MainMenu.xib */ = {
			isa = PBXVariantGroup;
			children = (
				6809AE060F6C0C4C000BB954 /* English */,
			);
			name = MainMenu.xib;
			sourceTree = "<group>";
		};
		68ABF6CE09806CD600838EB9 /* DriveWire Help */ = {
			isa = PBXVariantGroup;
			children = (
				68ABF6CF09806CD600838EB9 /* English */,
			);
			name = "DriveWire Help";
			sourceTree = "<group>";
		};
		68C535D30F68971B00F39926 /* DriveWireDocument.xib */ = {
			isa = PBXVariantGroup;
			children = (
				68C535D40F68971B00F39926 /* English */,
			);
			name = DriveWireDocument.xib;
			path = ..;
			sourceTree = "<group>";
		};
/* End PBXVariantGroup section */

/* Begin XCBuildConfiguration section */
		6842CEC21F97B35B00A6F829 /* Debug */ = {
			isa = XCBuildConfiguration;
			buildSettings = {
				ALWAYS_SEARCH_USER_PATHS = NO;
				CLANG_ANALYZER_NONNULL = YES;
				CLANG_ANALYZER_NUMBER_OBJECT_CONVERSION = YES_AGGRESSIVE;
				CLANG_CXX_LANGUAGE_STANDARD = "gnu++14";
				CLANG_CXX_LIBRARY = "libc++";
				CLANG_ENABLE_MODULES = YES;
				CLANG_ENABLE_OBJC_ARC = YES;
				CLANG_WARN_DIRECT_OBJC_ISA_USAGE = YES_ERROR;
				CLANG_WARN_DOCUMENTATION_COMMENTS = YES;
				CLANG_WARN_OBJC_ROOT_CLASS = YES_ERROR;
				CLANG_WARN_UNGUARDED_AVAILABILITY = YES_AGGRESSIVE;
				CODE_SIGN_IDENTITY = "-";
				CODE_SIGN_STYLE = Manual;
				COMBINE_HIDPI_IMAGES = YES;
				COPY_PHASE_STRIP = NO;
				DEBUG_INFORMATION_FORMAT = dwarf;
				DEVELOPMENT_TEAM = 9UKFRNS4PM;
				GCC_C_LANGUAGE_STANDARD = gnu11;
				GCC_DYNAMIC_NO_PIC = NO;
				GCC_OPTIMIZATION_LEVEL = 0;
				GCC_PREPROCESSOR_DEFINITIONS = (
					"DEBUG=1",
					"$(inherited)",
				);
				GCC_WARN_ABOUT_RETURN_TYPE = YES_ERROR;
				GCC_WARN_UNINITIALIZED_AUTOS = YES_AGGRESSIVE;
				INFOPLIST_FILE = Tests/Info.plist;
				LD_RUNPATH_SEARCH_PATHS = "$(inherited) @executable_path/../Frameworks @loader_path/../Frameworks";
				MTL_ENABLE_DEBUG_INFO = YES;
				PRODUCT_BUNDLE_IDENTIFIER = org.drivewire.Tests;
				PRODUCT_NAME = "$(TARGET_NAME)";
				PROVISIONING_PROFILE_SPECIFIER = "";
				TEST_HOST = "$(BUILT_PRODUCTS_DIR)/DriveWire.app/Contents/MacOS/DriveWire";
			};
			name = Debug;
		};
		6842CEC31F97B35B00A6F829 /* Release */ = {
			isa = XCBuildConfiguration;
			buildSettings = {
				ALWAYS_SEARCH_USER_PATHS = NO;
				CLANG_ANALYZER_NONNULL = YES;
				CLANG_ANALYZER_NUMBER_OBJECT_CONVERSION = YES_AGGRESSIVE;
				CLANG_CXX_LANGUAGE_STANDARD = "gnu++14";
				CLANG_CXX_LIBRARY = "libc++";
				CLANG_ENABLE_MODULES = YES;
				CLANG_ENABLE_OBJC_ARC = YES;
				CLANG_WARN_DIRECT_OBJC_ISA_USAGE = YES_ERROR;
				CLANG_WARN_DOCUMENTATION_COMMENTS = YES;
				CLANG_WARN_OBJC_ROOT_CLASS = YES_ERROR;
				CLANG_WARN_UNGUARDED_AVAILABILITY = YES_AGGRESSIVE;
				CODE_SIGN_IDENTITY = "-";
				CODE_SIGN_STYLE = Manual;
				COMBINE_HIDPI_IMAGES = YES;
				COPY_PHASE_STRIP = NO;
				DEBUG_INFORMATION_FORMAT = "dwarf-with-dsym";
				DEVELOPMENT_TEAM = 9UKFRNS4PM;
				ENABLE_NS_ASSERTIONS = NO;
				GCC_C_LANGUAGE_STANDARD = gnu11;
				GCC_WARN_ABOUT_RETURN_TYPE = YES_ERROR;
				GCC_WARN_UNINITIALIZED_AUTOS = YES_AGGRESSIVE;
				INFOPLIST_FILE = Tests/Info.plist;
				LD_RUNPATH_SEARCH_PATHS = "$(inherited) @executable_path/../Frameworks @loader_path/../Frameworks";
				MTL_ENABLE_DEBUG_INFO = NO;
				PRODUCT_BUNDLE_IDENTIFIER = org.drivewire.Tests;
				PRODUCT_NAME = "$(TARGET_NAME)";
				PROVISIONING_PROFILE_SPECIFIER = "";
				TEST_HOST = "$(BUILT_PRODUCTS_DIR)/DriveWire.app/Contents/MacOS/DriveWire";
			};
			name = Release;
		};
		68A78B4108A1452000865FD4 /* Debug */ = {
			isa = XCBuildConfiguration;
			buildSettings = {
				CLANG_WARN_BLOCK_CAPTURE_AUTORELEASING = YES;
				CLANG_WARN_BOOL_CONVERSION = YES;
				CLANG_WARN_COMMA = YES;
				CLANG_WARN_CONSTANT_CONVERSION = YES;
				CLANG_WARN_EMPTY_BODY = YES;
				CLANG_WARN_ENUM_CONVERSION = YES;
				CLANG_WARN_INFINITE_RECURSION = YES;
				CLANG_WARN_INT_CONVERSION = YES;
				CLANG_WARN_NON_LITERAL_NULL_CONVERSION = YES;
				CLANG_WARN_OBJC_LITERAL_CONVERSION = YES;
				CLANG_WARN_RANGE_LOOP_ANALYSIS = YES;
				CLANG_WARN_STRICT_PROTOTYPES = YES;
				CLANG_WARN_SUSPICIOUS_MOVE = YES;
				CLANG_WARN_UNREACHABLE_CODE = YES;
				CLANG_WARN__DUPLICATE_METHOD_MATCH = YES;
				ENABLE_STRICT_OBJC_MSGSEND = YES;
				ENABLE_TESTABILITY = YES;
				GCC_NO_COMMON_BLOCKS = YES;
				GCC_PREPROCESSOR_DEFINITIONS = DEBUG;
				GCC_WARN_64_TO_32_BIT_CONVERSION = YES;
				GCC_WARN_ABOUT_RETURN_TYPE = YES;
				GCC_WARN_UNDECLARED_SELECTOR = YES;
				GCC_WARN_UNINITIALIZED_AUTOS = YES;
				GCC_WARN_UNUSED_FUNCTION = YES;
				GCC_WARN_UNUSED_VARIABLE = YES;
				MACOSX_DEPLOYMENT_TARGET = 10.12;
				ONLY_ACTIVE_ARCH = YES;
				SDKROOT = macosx;
				USER_HEADER_SEARCH_PATHS = "";
			};
			name = Debug;
		};
		68A78B4208A1452000865FD4 /* Release */ = {
			isa = XCBuildConfiguration;
			buildSettings = {
				CLANG_WARN_BLOCK_CAPTURE_AUTORELEASING = YES;
				CLANG_WARN_BOOL_CONVERSION = YES;
				CLANG_WARN_COMMA = YES;
				CLANG_WARN_CONSTANT_CONVERSION = YES;
				CLANG_WARN_EMPTY_BODY = YES;
				CLANG_WARN_ENUM_CONVERSION = YES;
				CLANG_WARN_INFINITE_RECURSION = YES;
				CLANG_WARN_INT_CONVERSION = YES;
				CLANG_WARN_NON_LITERAL_NULL_CONVERSION = YES;
				CLANG_WARN_OBJC_LITERAL_CONVERSION = YES;
				CLANG_WARN_RANGE_LOOP_ANALYSIS = YES;
				CLANG_WARN_STRICT_PROTOTYPES = YES;
				CLANG_WARN_SUSPICIOUS_MOVE = YES;
				CLANG_WARN_UNREACHABLE_CODE = YES;
				CLANG_WARN__DUPLICATE_METHOD_MATCH = YES;
				ENABLE_STRICT_OBJC_MSGSEND = YES;
				GCC_NO_COMMON_BLOCKS = YES;
				GCC_PREPROCESSOR_DEFINITIONS = DWX;
				GCC_WARN_64_TO_32_BIT_CONVERSION = YES;
				GCC_WARN_ABOUT_RETURN_TYPE = YES;
				GCC_WARN_UNDECLARED_SELECTOR = YES;
				GCC_WARN_UNINITIALIZED_AUTOS = YES;
				GCC_WARN_UNUSED_FUNCTION = YES;
				GCC_WARN_UNUSED_VARIABLE = YES;
				MACOSX_DEPLOYMENT_TARGET = 10.12;
				SDKROOT = macosx;
				USER_HEADER_SEARCH_PATHS = "";
			};
			name = Release;
		};
		68ADDE9D096B723F002324CE /* Debug */ = {
			isa = XCBuildConfiguration;
			baseConfigurationReference = 959227020E964D36700A544E /* Pods-DriveWire.debug.xcconfig */;
			buildSettings = {
				CLANG_ENABLE_OBJC_ARC = YES;
				CODE_SIGN_IDENTITY = "Developer ID Application";
				CODE_SIGN_STYLE = Manual;
				COMBINE_HIDPI_IMAGES = YES;
				COPY_PHASE_STRIP = NO;
				DEVELOPMENT_TEAM = 9UKFRNS4PM;
				FRAMEWORK_SEARCH_PATHS = (
					"$(inherited)",
					"\"$(SRCROOT)\"",
				);
				GCC_DYNAMIC_NO_PIC = NO;
				GCC_ENABLE_FIX_AND_CONTINUE = YES;
				GCC_GENERATE_DEBUGGING_SYMBOLS = YES;
				GCC_MODEL_TUNING = G5;
				GCC_OPTIMIZATION_LEVEL = 0;
				GCC_PRECOMPILE_PREFIX_HEADER = YES;
				GCC_PREFIX_HEADER = "$(SRCROOT)/DriveWire_Prefix.pch";
				GCC_WARN_ABOUT_MISSING_PROTOTYPES = YES;
				GCC_WARN_MISSING_PARENTHESES = YES;
				GCC_WARN_SHADOW = YES;
				GCC_WARN_TYPECHECK_CALLS_TO_PRINTF = YES;
				GCC_WARN_UNUSED_FUNCTION = YES;
				GCC_WARN_UNUSED_LABEL = YES;
				GCC_WARN_UNUSED_VALUE = YES;
				GCC_WARN_UNUSED_VARIABLE = YES;
				INFOPLIST_FILE = "DriveWire-Info.plist";
				INSTALL_PATH = /Applications;
				LD_RUNPATH_SEARCH_PATHS = "$(inherited) @executable_path/../Frameworks";
				MACOSX_DEPLOYMENT_TARGET = 10.9;
				OTHER_CODE_SIGN_FLAGS = "--timestamp=none";
				OTHER_LDFLAGS = (
					"$(inherited)",
					"-framework",
					Foundation,
					"-framework",
					AppKit,
				);
				PREBINDING = YES;
				PRODUCT_BUNDLE_IDENTIFIER = "com.tee-boy.DriveWire";
				PRODUCT_NAME = DriveWire;
				PROVISIONING_PROFILE_SPECIFIER = "";
				SDKROOT = macosx;
				SHARED_PRECOMPS_DIR = "";
				WARNING_CFLAGS = (
					"-Wall",
					"-Wmost",
				);
				WRAPPER_EXTENSION = app;
			};
			name = Debug;
		};
		68ADDE9E096B723F002324CE /* Release */ = {
			isa = XCBuildConfiguration;
			baseConfigurationReference = 435458113AA42290E98DB18A /* Pods-DriveWire.release.xcconfig */;
			buildSettings = {
				CLANG_ENABLE_OBJC_ARC = YES;
				CODE_SIGN_IDENTITY = "Developer ID Application";
				CODE_SIGN_STYLE = Manual;
				COMBINE_HIDPI_IMAGES = YES;
				COPY_PHASE_STRIP = YES;
				DEVELOPMENT_TEAM = 9UKFRNS4PM;
				FRAMEWORK_SEARCH_PATHS = (
					"$(inherited)",
					"\"$(SRCROOT)\"",
				);
				GCC_ENABLE_FIX_AND_CONTINUE = NO;
				GCC_GENERATE_DEBUGGING_SYMBOLS = NO;
				GCC_MODEL_TUNING = G5;
				GCC_PRECOMPILE_PREFIX_HEADER = YES;
				GCC_PREFIX_HEADER = "$(SRCROOT)/DriveWire_Prefix.pch";
				GCC_WARN_ABOUT_MISSING_PROTOTYPES = YES;
				GCC_WARN_MISSING_PARENTHESES = YES;
				GCC_WARN_SHADOW = YES;
				GCC_WARN_TYPECHECK_CALLS_TO_PRINTF = YES;
				GCC_WARN_UNUSED_FUNCTION = YES;
				GCC_WARN_UNUSED_LABEL = YES;
				GCC_WARN_UNUSED_VALUE = YES;
				GCC_WARN_UNUSED_VARIABLE = YES;
				INFOPLIST_FILE = "DriveWire-Info.plist";
				INSTALL_PATH = /Applications;
				LD_RUNPATH_SEARCH_PATHS = "$(inherited) @executable_path/../Frameworks";
				MACOSX_DEPLOYMENT_TARGET = 10.9;
				OTHER_CODE_SIGN_FLAGS = "--timestamp=none";
				OTHER_LDFLAGS = (
					"$(inherited)",
					"-framework",
					Foundation,
					"-framework",
					AppKit,
				);
				PREBINDING = YES;
				PRODUCT_BUNDLE_IDENTIFIER = "com.tee-boy.DriveWire";
				PRODUCT_NAME = DriveWire;
				PROVISIONING_PROFILE_SPECIFIER = "";
				SDKROOT = macosx;
				SHARED_PRECOMPS_DIR = "";
				WARNING_CFLAGS = (
					"-Wall",
					"-Wmost",
				);
				WRAPPER_EXTENSION = app;
				ZERO_LINK = NO;
			};
			name = Release;
		};
/* End XCBuildConfiguration section */

/* Begin XCConfigurationList section */
		6842CEC41F97B35B00A6F829 /* Build configuration list for PBXNativeTarget "Tests" */ = {
			isa = XCConfigurationList;
			buildConfigurations = (
				6842CEC21F97B35B00A6F829 /* Debug */,
				6842CEC31F97B35B00A6F829 /* Release */,
			);
			defaultConfigurationIsVisible = 0;
			defaultConfigurationName = Debug;
		};
		68A78B4008A1452000865FD4 /* Build configuration list for PBXProject "DriveWire" */ = {
			isa = XCConfigurationList;
			buildConfigurations = (
				68A78B4108A1452000865FD4 /* Debug */,
				68A78B4208A1452000865FD4 /* Release */,
			);
			defaultConfigurationIsVisible = 0;
			defaultConfigurationName = Debug;
		};
		68ADDE9C096B723F002324CE /* Build configuration list for PBXNativeTarget "DriveWire" */ = {
			isa = XCConfigurationList;
			buildConfigurations = (
				68ADDE9D096B723F002324CE /* Debug */,
				68ADDE9E096B723F002324CE /* Release */,
			);
			defaultConfigurationIsVisible = 0;
			defaultConfigurationName = Debug;
		};
/* End XCConfigurationList section */
	};
	rootObject = 2A37F4A9FDCFA73011CA2CEA /* Project object */;
}
